
Microsoft Visual Studio Solution File, Format Version 12.00
# Visual Studio 15
VisualStudioVersion = 15.0.28307.1267
MinimumVisualStudioVersion = 10.0.40219.1
Project("{FAE04EC0-301F-11D3-BF4B-00C04F79EFBC}") = "ClientRest_2016009_MuhammadArrasyJI", "ClientRest_2016009_MuhammadArrasyJI\ClientRest_2016009_MuhammadArrasyJI.csproj", "{9573C0EC-463F-4A3C-A82E-7082D9312FE6}"
EndProject
Global
	GlobalSection(SolutionConfigurationPlatforms) = preSolution
		Debug|Any CPU = Debug|Any CPU
		Release|Any CPU = Release|Any CPU
	EndGlobalSection
	GlobalSection(ProjectConfigurationPlatforms) = postSolution
		{9573C0EC-463F-4A3C-A82E-7082D9312FE6}.Debug|Any CPU.ActiveCfg = Debug|Any CPU
		{9573C0EC-463F-4A3C-A82E-7082D9312FE6}.Debug|Any CPU.Build.0 = Debug|Any CPU
		{9573C0EC-463F-4A3C-A82E-7082D9312FE6}.Release|Any CPU.ActiveCfg = Release|Any CPU
		{9573C0EC-463F-4A3C-A82E-7082D9312FE6}.Release|Any CPU.Build.0 = Release|Any CPU
	EndGlobalSection
	GlobalSection(SolutionProperties) = preSolution
		HideSolutionNode = FALSE
	EndGlobalSection
	GlobalSection(ExtensibilityGlobals) = postSolution
		SolutionGuid = {42332F96-F669-4F47-9829-8F271B1DC8CE}
	EndGlobalSection
EndGlobal
